# THIS IS AN AUTOGENERATED FILE. DO NOT EDIT THIS FILE DIRECTLY.
# yarn lockfile v1


"@codemirror/state@^6.4.1":
  version "6.4.1"
  resolved "https://registry.yarnpkg.com/@codemirror/state/-/state-6.4.1.tgz#da57143695c056d9a3c38705ed34136e2b68171b"
  integrity sha512-QkEyUiLhsJoZkbumGZlswmAhA7CBU02Wrz7zvH4SrcifbsqwlXShVXg65f3v/ts57W3dqyamEriMhij1Z3Zz4A==
